
Microsoft Visual Studio Solution File, Format Version 12.00
# Visual Studio Version 17
VisualStudioVersion = 17.3.32901.215
MinimumVisualStudioVersion = 10.0.40219.1
Project("{FAE04EC0-301F-11D3-BF4B-00C04F79EFBC}") = "Organizer", "Organizer.csproj", "{4A9E2D0E-8A14-41BF-B570-9D8041535F6E}"
EndProject
Global
	GlobalSection(SolutionConfigurationPlatforms) = preSolution
		Debug|Any CPU = Debug|Any CPU
		Release|Any CPU = Release|Any CPU
	EndGlobalSection
	GlobalSection(ProjectConfigurationPlatforms) = postSolution
		{4A9E2D0E-8A14-41BF-B570-9D8041535F6E}.Debug|Any CPU.ActiveCfg = Debug|Any CPU
		{4A9E2D0E-8A14-41BF-B570-9D8041535F6E}.Debug|Any CPU.Build.0 = Debug|Any CPU
		{4A9E2D0E-8A14-41BF-B570-9D8041535F6E}.Release|Any CPU.ActiveCfg = Release|Any CPU
		{4A9E2D0E-8A14-41BF-B570-9D8041535F6E}.Release|Any CPU.Build.0 = Release|Any CPU
	EndGlobalSection
	GlobalSection(SolutionProperties) = preSolution
		HideSolutionNode = FALSE
	EndGlobalSection
	GlobalSection(ExtensibilityGlobals) = postSolution
		SolutionGuid = {F3AE2FA9-AE1C-4A34-94A2-1D196379B832}
	EndGlobalSection
EndGlobal
